
Microsoft Visual Studio Solution File, Format Version 12.00
# Visual Studio 15
VisualStudioVersion = 15.0.27703.2042
MinimumVisualStudioVersion = 10.0.40219.1
Project("{FAE04EC0-301F-11D3-BF4B-00C04F79EFBC}") = "FilmReview", "FilmReview\FilmReview.csproj", "{45C7A3B6-4327-43FE-92D3-89E4531F12E2}"
EndProject
Global
	GlobalSection(SolutionConfigurationPlatforms) = preSolution
		Debug|Any CPU = Debug|Any CPU
		Release|Any CPU = Release|Any CPU
	EndGlobalSection
	GlobalSection(ProjectConfigurationPlatforms) = postSolution
		{45C7A3B6-4327-43FE-92D3-89E4531F12E2}.Debug|Any CPU.ActiveCfg = Debug|Any CPU
		{45C7A3B6-4327-43FE-92D3-89E4531F12E2}.Debug|Any CPU.Build.0 = Debug|Any CPU
		{45C7A3B6-4327-43FE-92D3-89E4531F12E2}.Release|Any CPU.ActiveCfg = Release|Any CPU
		{45C7A3B6-4327-43FE-92D3-89E4531F12E2}.Release|Any CPU.Build.0 = Release|Any CPU
	EndGlobalSection
	GlobalSection(SolutionProperties) = preSolution
		HideSolutionNode = FALSE
	EndGlobalSection
	GlobalSection(ExtensibilityGlobals) = postSolution
		SolutionGuid = {42A82E30-7B90-4D0A-A69E-B6256E1BDFE0}
	EndGlobalSection
EndGlobal
