
Microsoft Visual Studio Solution File, Format Version 12.00
# Visual Studio 15
VisualStudioVersion = 15.0.27703.2042
MinimumVisualStudioVersion = 10.0.40219.1
Project("{FAE04EC0-301F-11D3-BF4B-00C04F79EFBC}") = "FilmReviewWebsite", "FilmReviewWebsite\FilmReviewWebsite.csproj", "{E6E385C1-4BA4-460C-AFBE-402ED25D56AD}"
EndProject
Project("{FAE04EC0-301F-11D3-BF4B-00C04F79EFBC}") = "FilmReviewWebsite.Tests", "FilmReviewWebsite.Tests\FilmReviewWebsite.Tests.csproj", "{F6B8007D-515D-4A57-B508-12D7F9158481}"
EndProject
Global
	GlobalSection(SolutionConfigurationPlatforms) = preSolution
		Debug|Any CPU = Debug|Any CPU
		Release|Any CPU = Release|Any CPU
	EndGlobalSection
	GlobalSection(ProjectConfigurationPlatforms) = postSolution
		{E6E385C1-4BA4-460C-AFBE-402ED25D56AD}.Debug|Any CPU.ActiveCfg = Debug|Any CPU
		{E6E385C1-4BA4-460C-AFBE-402ED25D56AD}.Debug|Any CPU.Build.0 = Debug|Any CPU
		{E6E385C1-4BA4-460C-AFBE-402ED25D56AD}.Release|Any CPU.ActiveCfg = Release|Any CPU
		{E6E385C1-4BA4-460C-AFBE-402ED25D56AD}.Release|Any CPU.Build.0 = Release|Any CPU
		{F6B8007D-515D-4A57-B508-12D7F9158481}.Debug|Any CPU.ActiveCfg = Debug|Any CPU
		{F6B8007D-515D-4A57-B508-12D7F9158481}.Debug|Any CPU.Build.0 = Debug|Any CPU
		{F6B8007D-515D-4A57-B508-12D7F9158481}.Release|Any CPU.ActiveCfg = Release|Any CPU
		{F6B8007D-515D-4A57-B508-12D7F9158481}.Release|Any CPU.Build.0 = Release|Any CPU
	EndGlobalSection
	GlobalSection(SolutionProperties) = preSolution
		HideSolutionNode = FALSE
	EndGlobalSection
	GlobalSection(ExtensibilityGlobals) = postSolution
		SolutionGuid = {56473928-E23E-4041-838E-B257CFAD83BB}
	EndGlobalSection
EndGlobal
