
Microsoft Visual Studio Solution File, Format Version 12.00
# Visual Studio 15
VisualStudioVersion = 15.0.27703.2042
MinimumVisualStudioVersion = 10.0.40219.1
Project("{FAE04EC0-301F-11D3-BF4B-00C04F79EFBC}") = "WindowsFormApp", "WindowsFormApp\WindowsFormApp.csproj", "{D617D4F0-A490-486B-97ED-F0C7C14FE3CD}"
EndProject
Global
	GlobalSection(SolutionConfigurationPlatforms) = preSolution
		Debug|Any CPU = Debug|Any CPU
		Release|Any CPU = Release|Any CPU
	EndGlobalSection
	GlobalSection(ProjectConfigurationPlatforms) = postSolution
		{D617D4F0-A490-486B-97ED-F0C7C14FE3CD}.Debug|Any CPU.ActiveCfg = Debug|Any CPU
		{D617D4F0-A490-486B-97ED-F0C7C14FE3CD}.Debug|Any CPU.Build.0 = Debug|Any CPU
		{D617D4F0-A490-486B-97ED-F0C7C14FE3CD}.Release|Any CPU.ActiveCfg = Release|Any CPU
		{D617D4F0-A490-486B-97ED-F0C7C14FE3CD}.Release|Any CPU.Build.0 = Release|Any CPU
	EndGlobalSection
	GlobalSection(SolutionProperties) = preSolution
		HideSolutionNode = FALSE
	EndGlobalSection
	GlobalSection(ExtensibilityGlobals) = postSolution
		SolutionGuid = {C2C5AFCC-5C1A-4621-8450-8770686C36A5}
	EndGlobalSection
EndGlobal
